
Microsoft Visual Studio Solution File, Format Version 12.00
# Visual Studio Version 17
VisualStudioVersion = 17.13.36105.23 d17.13
MinimumVisualStudioVersion = 10.0.40219.1
Project("{FAE04EC0-301F-11D3-BF4B-00C04F79EFBC}") = "QSIT_TypeOptimizer", "QSIT_TypeOptimizer.csproj", "{8A8697B5-0699-4A9F-BD21-05BCC88FDFC7}"
EndProject
Global
	GlobalSection(SolutionConfigurationPlatforms) = preSolution
		Debug|Any CPU = Debug|Any CPU
		Release|Any CPU = Release|Any CPU
	EndGlobalSection
	GlobalSection(ProjectConfigurationPlatforms) = postSolution
		{8A8697B5-0699-4A9F-BD21-05BCC88FDFC7}.Debug|Any CPU.ActiveCfg = Debug|Any CPU
		{8A8697B5-0699-4A9F-BD21-05BCC88FDFC7}.Debug|Any CPU.Build.0 = Debug|Any CPU
		{8A8697B5-0699-4A9F-BD21-05BCC88FDFC7}.Release|Any CPU.ActiveCfg = Release|Any CPU
		{8A8697B5-0699-4A9F-BD21-05BCC88FDFC7}.Release|Any CPU.Build.0 = Release|Any CPU
	EndGlobalSection
	GlobalSection(SolutionProperties) = preSolution
		HideSolutionNode = FALSE
	EndGlobalSection
	GlobalSection(ExtensibilityGlobals) = postSolution
		SolutionGuid = {41D90728-4C57-410B-A108-6F32D000A5FE}
	EndGlobalSection
EndGlobal
